{
  "version": 4,
  "terraform_version": "0.14.7",
  "serial": 1,
  "lineage": "07a58a86-dfd3-3086-fe7f-4d4f5bbc4d58",
  "outputs": {},
  "resources": [
    {
      "mode": "managed",
      "type": "aws_ecr_repository",
      "name": "legacy_api_repository",
      "provider": "provider[\"registry.terraform.io/hashicorp/aws\"]",
      "instances": [
        {
          "schema_version": 0,
          "attributes": {
            "arn": "arn:aws:ecr:eu-west-1:628239207084:repository/scrumble-legacy-api",
            "encryption_configuration": [
              {
                "encryption_type": "AES256",
                "kms_key": ""
              }
            ],
            "id": "scrumble-legacy-api",
            "image_scanning_configuration": [
              {
                "scan_on_push": false
              }
            ],
            "image_tag_mutability": "MUTABLE",
            "name": "scrumble-legacy-api",
            "registry_id": "628239207084",
            "repository_url": "628239207084.dkr.ecr.eu-west-1.amazonaws.com/scrumble-legacy-api",
            "tags": null,
            "timeouts": null
          },
          "sensitive_attributes": [],
          "private": "eyJlMmJmYjczMC1lY2FhLTExZTYtOGY4OC0zNDM2M2JjN2M0YzAiOnsiZGVsZXRlIjoxMjAwMDAwMDAwMDAwfX0="
        }
      ]
    }
  ]
}
